# This file is automatically @generated by Cargo.
# It is not intended for manual editing.
version = 3

[[package]]
name = "reed"
version = "0.1.0"
dependencies = [
 "reed-solomon-erasure",
]

[[package]]
name = "reed-solomon-erasure"
version = "4.0.2"
source = "registry+https://github.com/rust-lang/crates.io-index"
checksum = "a415a013dd7c5d4221382329a5a3482566da675737494935cbbbcdec04662f9d"
dependencies = [
 "smallvec",
]

[[package]]
name = "smallvec"
version = "1.13.2"
source = "registry+https://github.com/rust-lang/crates.io-index"
checksum = "3c5e1a9a646d36c3599cd173a41282daf47c44583ad367b8e6837255952e5c67"
